
Microsoft Visual Studio Solution File, Format Version 12.00
# Visual Studio Version 17
VisualStudioVersion = 17.5.002.0
MinimumVisualStudioVersion = 10.0.40219.1
Project("{9A19103F-16F7-4668-BE54-9A1E7A4F7556}") = "InhConstructor", "InhConstructor.csproj", "{0B38EEC2-2141-41B8-99C6-8E74C108F7FC}"
EndProject
Global
	GlobalSection(SolutionConfigurationPlatforms) = preSolution
		Debug|Any CPU = Debug|Any CPU
		Release|Any CPU = Release|Any CPU
	EndGlobalSection
	GlobalSection(ProjectConfigurationPlatforms) = postSolution
		{0B38EEC2-2141-41B8-99C6-8E74C108F7FC}.Debug|Any CPU.ActiveCfg = Debug|Any CPU
		{0B38EEC2-2141-41B8-99C6-8E74C108F7FC}.Debug|Any CPU.Build.0 = Debug|Any CPU
		{0B38EEC2-2141-41B8-99C6-8E74C108F7FC}.Release|Any CPU.ActiveCfg = Release|Any CPU
		{0B38EEC2-2141-41B8-99C6-8E74C108F7FC}.Release|Any CPU.Build.0 = Release|Any CPU
	EndGlobalSection
	GlobalSection(SolutionProperties) = preSolution
		HideSolutionNode = FALSE
	EndGlobalSection
	GlobalSection(ExtensibilityGlobals) = postSolution
		SolutionGuid = {97F03581-6F2B-46BA-8BE4-19539115C421}
	EndGlobalSection
EndGlobal
